
Microsoft Visual Studio Solution File, Format Version 12.00
# Visual Studio Version 17
VisualStudioVersion = 17.1.32210.238
MinimumVisualStudioVersion = 10.0.40219.1
Project("{FAE04EC0-301F-11D3-BF4B-00C04F79EFBC}") = "modul4_1302203122", "modul4_1302203122\modul4_1302203122.csproj", "{467DD8CA-988F-4E15-B375-23201BEE2E44}"
EndProject
Global
	GlobalSection(SolutionConfigurationPlatforms) = preSolution
		Debug|Any CPU = Debug|Any CPU
		Release|Any CPU = Release|Any CPU
	EndGlobalSection
	GlobalSection(ProjectConfigurationPlatforms) = postSolution
		{467DD8CA-988F-4E15-B375-23201BEE2E44}.Debug|Any CPU.ActiveCfg = Debug|Any CPU
		{467DD8CA-988F-4E15-B375-23201BEE2E44}.Debug|Any CPU.Build.0 = Debug|Any CPU
		{467DD8CA-988F-4E15-B375-23201BEE2E44}.Release|Any CPU.ActiveCfg = Release|Any CPU
		{467DD8CA-988F-4E15-B375-23201BEE2E44}.Release|Any CPU.Build.0 = Release|Any CPU
	EndGlobalSection
	GlobalSection(SolutionProperties) = preSolution
		HideSolutionNode = FALSE
	EndGlobalSection
	GlobalSection(ExtensibilityGlobals) = postSolution
		SolutionGuid = {01444CCB-E470-4A1B-9A68-6B7C4A64A0D7}
	EndGlobalSection
EndGlobal
